
Microsoft Visual Studio Solution File, Format Version 12.00
# Visual Studio 15
VisualStudioVersion = 15.0.28307.421
MinimumVisualStudioVersion = 10.0.40219.1
Project("{FAE04EC0-301F-11D3-BF4B-00C04F79EFBC}") = "WaterYourPlants", "WaterYourPlants\WaterYourPlants.csproj", "{107D96FD-D040-4227-B798-D5B31DCB1C92}"
EndProject
Global
	GlobalSection(SolutionConfigurationPlatforms) = preSolution
		Debug|Any CPU = Debug|Any CPU
		Release|Any CPU = Release|Any CPU
	EndGlobalSection
	GlobalSection(ProjectConfigurationPlatforms) = postSolution
		{107D96FD-D040-4227-B798-D5B31DCB1C92}.Debug|Any CPU.ActiveCfg = Debug|Any CPU
		{107D96FD-D040-4227-B798-D5B31DCB1C92}.Debug|Any CPU.Build.0 = Debug|Any CPU
		{107D96FD-D040-4227-B798-D5B31DCB1C92}.Release|Any CPU.ActiveCfg = Release|Any CPU
		{107D96FD-D040-4227-B798-D5B31DCB1C92}.Release|Any CPU.Build.0 = Release|Any CPU
	EndGlobalSection
	GlobalSection(SolutionProperties) = preSolution
		HideSolutionNode = FALSE
	EndGlobalSection
	GlobalSection(ExtensibilityGlobals) = postSolution
		SolutionGuid = {AE23CEF5-919D-41DB-9229-79EF2B368540}
	EndGlobalSection
EndGlobal
